<?xml version="1.0" encoding="utf-8"?>
<Project ToolsVersion="4.0" xmlns="http://schemas.microsoft.com/developer/msbuild/2003">
  <ItemGroup>
    <Filter Include="Resources">
      <UniqueIdentifier>{67DA6AB6-F800-4c08-8B7A-83BB121AAD01}</UniqueIdentifier>
      <Extensions>rc;ico;cur;bmp;dlg;rc2;rct;bin;rgs;gif;jpg;jpeg;jpe;resx;tiff;tif;png;wav;mfcribbon-ms</Extensions>
    </Filter>
    <Filter Include="Sources">
      <UniqueIdentifier>{4FC737F1-C7A5-4376-A066-2A32D752A2FF}</UniqueIdentifier>
      <Extensions>cpp;c;cc;cxx;c++;cppm;ixx;def;odl;idl;hpj;bat;asm;asmx</Extensions>
    </Filter>
    <Filter Include="Sources\PCH">
      <UniqueIdentifier>{d4a69ade-4bf4-4079-ab7a-f044c5dfda15}</UniqueIdentifier>
    </Filter>
    <Filter Include="Sources\ds">
      <UniqueIdentifier>{63f3d50f-0ed1-4e13-bae7-ef20031e042d}</UniqueIdentifier>
    </Filter>
    <Filter Include="Sources\ds\deklarace">
      <UniqueIdentifier>{4be39e55-5b3e-4a34-8b94-d0011366f135}</UniqueIdentifier>
    </Filter>
    <Filter Include="Sources\ds\inicialnizace">
      <UniqueIdentifier>{23232b75-cba0-4513-9447-c706631d0968}</UniqueIdentifier>
    </Filter>
  </ItemGroup>
  <ItemGroup>
    <ClCompile Include="pch.cpp">
      <Filter>Sources\PCH</Filter>
    </ClCompile>
    <ClCompile Include="Main.cpp">
      <Filter>Sources</Filter>
    </ClCompile>
  </ItemGroup>
  <ItemGroup>
    <ClInclude Include="pch.h">
      <Filter>Sources\PCH</Filter>
    </ClInclude>
    <ClInclude Include="ds\Stack.h">
      <Filter>Sources\ds\deklarace</Filter>
    </ClInclude>
    <ClInclude Include="ds\Queue.h">
      <Filter>Sources\ds\deklarace</Filter>
    </ClInclude>
    <ClInclude Include="ds\LinkedList.h">
      <Filter>Sources\ds\deklarace</Filter>
    </ClInclude>
    <ClInclude Include="ds\Stack.hpp">
      <Filter>Sources\ds\inicialnizace</Filter>
    </ClInclude>
    <ClInclude Include="ds\LinkedList.hpp">
      <Filter>Sources\ds\inicialnizace</Filter>
    </ClInclude>
    <ClInclude Include="ds\Queue.hpp">
      <Filter>Sources\ds\inicialnizace</Filter>
    </ClInclude>
  </ItemGroup>
</Project>